# IF THERE'S A GIT CONFLICT IN THIS FILE, DON'T SOLVE IT MANUALLY!
# INSTEAD EXECUTE `prisma migrate fix`
# Prisma Migrate lockfile v1
# Read more about conflict resolution here: TODO

20200410154524
20200410155017
20200410161100-
20200410161354
20200410161955
20200410162807
20200410170611
20200411163414
20200414101540
20200416122055
20200416131007
20200416131025
20200416131245
20200416131513
20200416131751
20200416132350
20200416132709
20200416140025
20200416141143
20200416151048
20200417145711
20200417152208
20200417153012
20200417165655
20200417172906
20200417174925
20200418133408
20200420173636
20200421142410